
Microsoft Visual Studio Solution File, Format Version 12.00
# Visual Studio Version 16
VisualStudioVersion = 16.0.30320.27
MinimumVisualStudioVersion = 15.0.26124.0
Project("{9A19103F-16F7-4668-BE54-9A1E7A4F7556}") = "OpenBr.LaborTaxes.Business", "OpenBr.LaborTaxes.Business\OpenBr.LaborTaxes.Business.csproj", "{E8BD6B37-59F6-4818-A2CF-403F5834B3F0}"
EndProject
Project("{9A19103F-16F7-4668-BE54-9A1E7A4F7556}") = "OpenBr.LaborTaxes.Web.Api", "OpenBr.LaborTaxes.Web.Api\OpenBr.LaborTaxes.Web.Api.csproj", "{F41A8D81-CA8A-4DB7-A453-2DEB645F6C23}"
EndProject
Project("{2150E333-8FDC-42A3-9474-1A3956D46DE8}") = "0-Compose", "0-Compose", "{15164262-1B4A-49C4-9A86-EFDFAA49A38D}"
	ProjectSection(SolutionItems) = preProject
		docker-compose.yaml = docker-compose.yaml
	EndProjectSection
EndProject
Project("{2150E333-8FDC-42A3-9474-1A3956D46DE8}") = "1-Docs", "1-Docs", "{D0726A3D-C158-4AC2-BDAA-737046E4906E}"
EndProject
Project("{2150E333-8FDC-42A3-9474-1A3956D46DE8}") = "1_Core", "1_Core", "{992F5656-A98B-4D55-BD79-D5684E107692}"
EndProject
Project("{2150E333-8FDC-42A3-9474-1A3956D46DE8}") = "2-WEb", "2-WEb", "{D305095E-2444-46E9-9716-53FD640E2F0F}"
EndProject
Project("{2150E333-8FDC-42A3-9474-1A3956D46DE8}") = "3-SDK", "3-SDK", "{B41AC441-6744-41F7-BAAD-FE0DD6D81270}"
EndProject
Project("{9A19103F-16F7-4668-BE54-9A1E7A4F7556}") = "OpenBr.LaborTaxes.Grpc.Host", "OpenBr.LaborTaxes.Grpc.Host\OpenBr.LaborTaxes.Grpc.Host.csproj", "{7AE4742A-7AC6-473F-BDBA-5DF6EAD15964}"
EndProject
Project("{9A19103F-16F7-4668-BE54-9A1E7A4F7556}") = "OpenBr.LaborTaxes.Grpc.Client", "OpenBr.LaborTaxes.Grpc.Client\OpenBr.LaborTaxes.Grpc.Client.csproj", "{462243EA-98DF-4480-9CF6-697CDF7F6BA8}"
EndProject
Project("{9A19103F-16F7-4668-BE54-9A1E7A4F7556}") = "OpenBr.LaborTaxes.Contract", "OpenBr.LaborTaxes.Contract\OpenBr.LaborTaxes.Contract.csproj", "{F96ABF84-2116-4611-8D64-17C21E85713D}"
EndProject
Project("{9A19103F-16F7-4668-BE54-9A1E7A4F7556}") = "OpenBr.LaborTaxes.Grpc.ConsoleTest", "OpenBr.LaborTaxes.Grpc.ConsoleTest\OpenBr.LaborTaxes.Grpc.ConsoleTest.csproj", "{B43C7F33-9E5F-4307-95D9-FC873A1F98FE}"
EndProject
Project("{2150E333-8FDC-42A3-9474-1A3956D46DE8}") = "4-Test", "4-Test", "{621D8986-B89C-4701-99EE-1AC93E96EB9E}"
EndProject
Global
	GlobalSection(SolutionConfigurationPlatforms) = preSolution
		Debug|Any CPU = Debug|Any CPU
		Release|Any CPU = Release|Any CPU
	EndGlobalSection
	GlobalSection(ProjectConfigurationPlatforms) = postSolution
		{E8BD6B37-59F6-4818-A2CF-403F5834B3F0}.Debug|Any CPU.ActiveCfg = Debug|Any CPU
		{E8BD6B37-59F6-4818-A2CF-403F5834B3F0}.Debug|Any CPU.Build.0 = Debug|Any CPU
		{E8BD6B37-59F6-4818-A2CF-403F5834B3F0}.Release|Any CPU.ActiveCfg = Release|Any CPU
		{E8BD6B37-59F6-4818-A2CF-403F5834B3F0}.Release|Any CPU.Build.0 = Release|Any CPU
		{F41A8D81-CA8A-4DB7-A453-2DEB645F6C23}.Debug|Any CPU.ActiveCfg = Debug|Any CPU
		{F41A8D81-CA8A-4DB7-A453-2DEB645F6C23}.Debug|Any CPU.Build.0 = Debug|Any CPU
		{F41A8D81-CA8A-4DB7-A453-2DEB645F6C23}.Release|Any CPU.ActiveCfg = Release|Any CPU
		{F41A8D81-CA8A-4DB7-A453-2DEB645F6C23}.Release|Any CPU.Build.0 = Release|Any CPU
		{7AE4742A-7AC6-473F-BDBA-5DF6EAD15964}.Debug|Any CPU.ActiveCfg = Debug|Any CPU
		{7AE4742A-7AC6-473F-BDBA-5DF6EAD15964}.Debug|Any CPU.Build.0 = Debug|Any CPU
		{7AE4742A-7AC6-473F-BDBA-5DF6EAD15964}.Release|Any CPU.ActiveCfg = Release|Any CPU
		{7AE4742A-7AC6-473F-BDBA-5DF6EAD15964}.Release|Any CPU.Build.0 = Release|Any CPU
		{462243EA-98DF-4480-9CF6-697CDF7F6BA8}.Debug|Any CPU.ActiveCfg = Debug|Any CPU
		{462243EA-98DF-4480-9CF6-697CDF7F6BA8}.Debug|Any CPU.Build.0 = Debug|Any CPU
		{462243EA-98DF-4480-9CF6-697CDF7F6BA8}.Release|Any CPU.ActiveCfg = Release|Any CPU
		{462243EA-98DF-4480-9CF6-697CDF7F6BA8}.Release|Any CPU.Build.0 = Release|Any CPU
		{F96ABF84-2116-4611-8D64-17C21E85713D}.Debug|Any CPU.ActiveCfg = Debug|Any CPU
		{F96ABF84-2116-4611-8D64-17C21E85713D}.Debug|Any CPU.Build.0 = Debug|Any CPU
		{F96ABF84-2116-4611-8D64-17C21E85713D}.Release|Any CPU.ActiveCfg = Release|Any CPU
		{F96ABF84-2116-4611-8D64-17C21E85713D}.Release|Any CPU.Build.0 = Release|Any CPU
		{B43C7F33-9E5F-4307-95D9-FC873A1F98FE}.Debug|Any CPU.ActiveCfg = Debug|Any CPU
		{B43C7F33-9E5F-4307-95D9-FC873A1F98FE}.Debug|Any CPU.Build.0 = Debug|Any CPU
		{B43C7F33-9E5F-4307-95D9-FC873A1F98FE}.Release|Any CPU.ActiveCfg = Release|Any CPU
		{B43C7F33-9E5F-4307-95D9-FC873A1F98FE}.Release|Any CPU.Build.0 = Release|Any CPU
	EndGlobalSection
	GlobalSection(SolutionProperties) = preSolution
		HideSolutionNode = FALSE
	EndGlobalSection
	GlobalSection(NestedProjects) = preSolution
		{E8BD6B37-59F6-4818-A2CF-403F5834B3F0} = {992F5656-A98B-4D55-BD79-D5684E107692}
		{F41A8D81-CA8A-4DB7-A453-2DEB645F6C23} = {D305095E-2444-46E9-9716-53FD640E2F0F}
		{7AE4742A-7AC6-473F-BDBA-5DF6EAD15964} = {D305095E-2444-46E9-9716-53FD640E2F0F}
		{462243EA-98DF-4480-9CF6-697CDF7F6BA8} = {B41AC441-6744-41F7-BAAD-FE0DD6D81270}
		{F96ABF84-2116-4611-8D64-17C21E85713D} = {992F5656-A98B-4D55-BD79-D5684E107692}
		{B43C7F33-9E5F-4307-95D9-FC873A1F98FE} = {621D8986-B89C-4701-99EE-1AC93E96EB9E}
	EndGlobalSection
	GlobalSection(ExtensibilityGlobals) = postSolution
		SolutionGuid = {2496B301-365F-426F-B84A-FDFA6A6FB7BA}
	EndGlobalSection
EndGlobal
